
Microsoft Visual Studio Solution File, Format Version 12.00
# Visual Studio 15
VisualStudioVersion = 15.0.27004.2010
MinimumVisualStudioVersion = 10.0.40219.1
Project("{FAE04EC0-301F-11D3-BF4B-00C04F79EFBC}") = "Lab1_Calculator.Library", "Lab1_Calculator.library\Lab1_Calculator.Library.csproj", "{F9E33091-1C12-45A7-8AF8-768AA74976EC}"
EndProject
Project("{FAE04EC0-301F-11D3-BF4B-00C04F79EFBC}") = "Lab1_Calculator.App", "Lab1_Calculator.App\Lab1_Calculator.App.csproj", "{25547C62-48D2-4BCE-BD78-5E3F5E08650F}"
EndProject
Project("{FAE04EC0-301F-11D3-BF4B-00C04F79EFBC}") = "Lab1_Calculator.Unit.Test", "Lab1_Calculator.Unit.Test\Lab1_Calculator.Unit.Test.csproj", "{67A0DCF8-B3BB-455A-9FB4-5B95CC8B4B46}"
EndProject
Global
	GlobalSection(SolutionConfigurationPlatforms) = preSolution
		Debug|Any CPU = Debug|Any CPU
		Release|Any CPU = Release|Any CPU
	EndGlobalSection
	GlobalSection(ProjectConfigurationPlatforms) = postSolution
		{F9E33091-1C12-45A7-8AF8-768AA74976EC}.Debug|Any CPU.ActiveCfg = Debug|Any CPU
		{F9E33091-1C12-45A7-8AF8-768AA74976EC}.Debug|Any CPU.Build.0 = Debug|Any CPU
		{F9E33091-1C12-45A7-8AF8-768AA74976EC}.Release|Any CPU.ActiveCfg = Release|Any CPU
		{F9E33091-1C12-45A7-8AF8-768AA74976EC}.Release|Any CPU.Build.0 = Release|Any CPU
		{25547C62-48D2-4BCE-BD78-5E3F5E08650F}.Debug|Any CPU.ActiveCfg = Debug|Any CPU
		{25547C62-48D2-4BCE-BD78-5E3F5E08650F}.Debug|Any CPU.Build.0 = Debug|Any CPU
		{25547C62-48D2-4BCE-BD78-5E3F5E08650F}.Release|Any CPU.ActiveCfg = Release|Any CPU
		{25547C62-48D2-4BCE-BD78-5E3F5E08650F}.Release|Any CPU.Build.0 = Release|Any CPU
		{67A0DCF8-B3BB-455A-9FB4-5B95CC8B4B46}.Debug|Any CPU.ActiveCfg = Debug|Any CPU
		{67A0DCF8-B3BB-455A-9FB4-5B95CC8B4B46}.Debug|Any CPU.Build.0 = Debug|Any CPU
		{67A0DCF8-B3BB-455A-9FB4-5B95CC8B4B46}.Release|Any CPU.ActiveCfg = Release|Any CPU
		{67A0DCF8-B3BB-455A-9FB4-5B95CC8B4B46}.Release|Any CPU.Build.0 = Release|Any CPU
	EndGlobalSection
	GlobalSection(SolutionProperties) = preSolution
		HideSolutionNode = FALSE
	EndGlobalSection
	GlobalSection(ExtensibilityGlobals) = postSolution
		SolutionGuid = {5A8FF053-583A-4FFA-ACBF-F04EADF5BEB6}
	EndGlobalSection
EndGlobal
